name: marsdog
channels:
  - conda-forge
dependencies:
  - _openmp_mutex=4.5
  - ampl-asl=1.0.0
  - assimp=6.0.5
  - bzip2=1.0.8
  - c-ares=1.34.8
  - ca-certificates=2026.7.22
  - casadi=3.7.2
  - cli11=2.6.2
  - coal-python=3.0.4
  - console_bridge=1.0.2
  - daqp=0.8.7
  - eigen=5.0.1
  - eigen-abi=5.0.1.100
  - eigenpy=3.13.0
  - elfutils=0.194
  - fmt=12.1.0
  - gmp=6.3.0
  - gnutls=3.8.11
  - icu=78.3
  - ipopt=3.14.19
  - jinja2=3.1.6
  - joblib=1.5.3
  - keyutils=1.6.3
  - krb5=1.22.2
  - ld_impl_linux-aarch64=2.46.1
  - libarchive=3.8.9
  - libblas=3.11.0
  - libblasfeo=0.1.4.3
  - libboost=1.90.0
  - libboost-devel=1.90.0
  - libboost-headers=1.90.0
  - libboost-python=1.90.0
  - libboost-python-devel=1.90.0
  - libcblas=3.11.0
  - libcoal=3.0.4
  - libcurl=8.21.0
  - libedit=3.1.20250104
  - libev=4.33
  - libexpat=2.8.1
  - libfatrop=0.0.4
  - libffi=3.7.0
  - libgcc=16.1.0
  - libgcc-ng=16.1.0
  - libgfortran=16.1.0
  - libgfortran-ng=16.1.0
  - libgfortran5=16.1.0
  - libgomp=16.1.0
  - libgz-cmake=5.1.1
  - libgz-math=9.2.0
  - libgz-tools=2.0.3
  - libgz-utils=4.0.0
  - libhwloc=2.12.1
  - libiconv=1.18
  - libidn2=2.3.8
  - liblapack=3.11.0
  - liblzma=5.8.3
  - liblzma-devel=5.8.3
  - libmicrohttpd=1.0.2
  - libnghttp2=1.68.1
  - libnsl=2.0.1
  - libopenblas=0.3.33
  - libosqp=1.0.0
  - libpinocchio=4.1.0
  - libpsl=0.22.0
  - libqdldl=0.1.8
  - libscotch=7.0.4
  - libsdformat=16.1.0
  - libspral=2025.05.20
  - libsqlite=3.53.4
  - libssh2=1.11.1
  - libstdcxx=16.1.0
  - libstdcxx-ng=16.1.0
  - libtasn1=4.21.0
  - libunistring=0.9.10
  - libuuid=2.42.2
  - libxcrypt=4.4.36
  - libxml2=2.15.3
  - libxml2-16=2.15.3
  - libzlib=1.3.2
  - lz4-c=1.10.0
  - lzo=2.10
  - markupsafe=3.0.3
  - metis=5.1.0
  - mumps-include=5.7.3
  - mumps-seq=5.7.3
  - ncurses=6.6
  - nettle=3.10.1
  - numpy=2.2.6
  - octomap=1.10.0
  - openssl=3.6.3
  - osqp=1.1.3
  - p11-kit=0.25.3
  - packaging=26.2
  - pinocchio=4.1.0
  - pinocchio-python=4.1.0
  - pip=26.1.2
  - proxsuite=0.7.3
  - pyserial=3.5
  - python=3.10.20
  - python_abi=3.10
  - pyyaml=6.0.3
  - qdldl-python=0.1.9.post1
  - qhull=2020.2
  - qhull-static=2020.2
  - qpsolvers=4.13.0
  - readline=8.3
  - ruby=3.4.2
  - scipy=1.15.2
  - scs=3.2.11
  - setuptools=83.0.0
  - simde=0.8.2
  - spdlog=1.17.0
  - tinyxml2=11.0.0
  - tk=8.6.13
  - tzdata=2026c
  - urdfdom=6.0.0
  - urdfdom_headers=3.0.0
  - wheel=0.47.0
  - xz=5.8.3
  - xz-gpl-tools=5.8.3
  - xz-tools=5.8.3
  - yaml=0.2.5
  - zlib=1.3.2
  - zstd=1.5.7
  - pip:
    - Jinja2==3.1.6
    - contourpy==1.3.2
    - coverage==7.15.2
    - cycler==0.12.1
    - fonttools==4.63.0
    - joblib==1.5.3
    - kiwisolver==1.5.0
    - matplotlib==3.10.9
    - numpy==2.2.6
    - osqp==1.1.3
    - pyflakes==3.4.0
    - pyparsing==3.3.2
    - pyserial==3.5
    - qpsolvers==4.13.0
    - scipy==1.15.3

